lockfileVersion: '9.0'

settings:
  autoInstallPeers: true
  excludeLinksFromLockfile: false

importers:

  .:
    dependencies:
      '@zhafron/pi-memory':
        specifier: 1.0.2
        version: 1.0.2

packages:

  '@sinclair/typebox@0.34.52':
    resolution: {integrity: sha512-XiMQh7qqVlxZzcVD+kkGMNGMzcTrDMLWI7S4x7z1MkCkbDPrekpZXEUK0eZqZFMuHQg2a2DZOcDIh9o5v3Gonw==}

  '@zhafron/pi-memory@1.0.2':
    resolution: {integrity: sha512-DXg7w+KF95Ug2THcbecTtPshyLbA8la7NVgeCR6d9dhPyNQhig4+wxCjLGA8fL72Yl8yvRks/xHBsqfgKClojw==}

snapshots:

  '@sinclair/typebox@0.34.52': {}

  '@zhafron/pi-memory@1.0.2':
    dependencies:
      '@sinclair/typebox': 0.34.52
