# @generated - this file is auto-generated by `mise lock` https://mise.jdx.dev/dev-tools/mise-lock.html

lockfile_version = 2

[conda-packages.macos-arm64."libiconv-1.18-he4c29f2_3"]
url = "https://conda.anaconda.org/conda-forge/osx-arm64/libiconv-1.18-he4c29f2_3.conda"
checksum = "sha256:689a14968267f2f97c07112fca5636e7d756036b9aee969911267c20bd3eea1f"

[conda-packages.macos-arm64."libintl-0.25.1-hae62183_2"]
url = "https://conda.anaconda.org/conda-forge/osx-arm64/libintl-0.25.1-hae62183_2.conda"
checksum = "sha256:b43c6645e668f86d04d5c06d6dc17efe921bbd9244be4b77946d56fb950a3fcc"

[conda-packages.macos-arm64."ncurses-6.6-he64c551_1"]
url = "https://conda.anaconda.org/conda-forge/osx-arm64/ncurses-6.6-he64c551_1.conda"
checksum = "sha256:7024a48c8c0d0114ed4ab53c76bf9275d50e91ba7cea367a9aead638d3c29c68"

[conda-packages.macos-arm64."readline-8.3-h8b90a29_1"]
url = "https://conda.anaconda.org/conda-forge/osx-arm64/readline-8.3-h8b90a29_1.conda"
checksum = "sha256:d6782b430e6dce4fe8c7ac118cd988d5a193eb4a7f60741edfaede58016b6110"

[[tools."conda:bash"]]
version = "5.2.37"
backend = "conda:bash"
specifiers = ["latest"]

[tools."conda:bash".options]
channel = "conda-forge"

[tools."conda:bash"."platforms.macos-arm64"]
checksum = "sha256:9addc6fab5b01dc2d4bc58b15cf7df2352a2cbd4c2344c70f2de70243c60e548"
url = "https://conda.anaconda.org/conda-forge/osx-arm64/bash-5.2.37-h5b2bd6a_0.conda"
conda_deps = [
    "readline-8.3-h8b90a29_1",
    "ncurses-6.6-he64c551_1",
]

[[tools."conda:coreutils"]]
version = "9.12"
backend = "conda:coreutils"
specifiers = ["latest"]

[tools."conda:coreutils".options]
channel = "conda-forge"

[tools."conda:coreutils"."platforms.macos-arm64"]
checksum = "sha256:f9e693d4d68a73d626dbe56452c990d2d249916dd50d8a6ac3001fe1d078160b"
url = "https://conda.anaconda.org/conda-forge/osx-arm64/coreutils-9.12-h74c22ad_0.conda"
conda_deps = []

[[tools."conda:tar"]]
version = "1.35"
backend = "conda:tar"
specifiers = ["1.35"]

[tools."conda:tar".options]
channel = "conda-forge"

[tools."conda:tar"."platforms.macos-arm64"]
checksum = "sha256:31c65c2f20fddd506d1aafb698893dcd7486a15465e225e0f1defc9ec2fc98e2"
url = "https://conda.anaconda.org/conda-forge/osx-arm64/tar-1.35-h3bfc444_0.conda"
conda_deps = [
    "libintl-0.25.1-hae62183_2",
    "libiconv-1.18-he4c29f2_3",
]
