# @generated - this file is auto-generated by `mise lock` https://mise.jdx.dev/dev-tools/mise-lock.html

lockfile_version = 2

[[tools.fd]]
version = "10.5.0"
backend = "aqua:sharkdp/fd"
specifiers = ["latest"]

[tools.fd."platforms.linux-arm64"]
checksum = "sha256:c0ee43802e3313a317c5af2f4eabd6ba13eeedd595af9775f05e18a13ac4f52c"
url = "https://github.com/sharkdp/fd/releases/download/v10.5.0/fd-v10.5.0-aarch64-unknown-linux-gnu.tar.gz"
url_api = "https://api.github.com/repos/sharkdp/fd/releases/assets/530482307"

[tools.fd."platforms.linux-x64"]
checksum = "sha256:a1259cd129636efbc3fef123525c1b49e88fe5088c012630983c310e52fdfa95"
url = "https://github.com/sharkdp/fd/releases/download/v10.5.0/fd-v10.5.0-x86_64-unknown-linux-gnu.tar.gz"
url_api = "https://api.github.com/repos/sharkdp/fd/releases/assets/530481615"

[[tools.gh]]
version = "2.101.0"
backend = "aqua:cli/cli"
specifiers = ["2.101.0"]

[tools.gh."platforms.linux-arm64"]
checksum = "sha256:b57e8063f18862647c9d22727c32e9da1b963f8bf9db648fe123a6975695640f"
url = "https://github.com/cli/cli/releases/download/v2.101.0/gh_2.101.0_linux_arm64.tar.gz"
url_api = "https://api.github.com/repos/cli/cli/releases/assets/565857147"
provenance = "github-attestations"

[tools.gh."platforms.linux-x64"]
checksum = "sha256:9bca2d1c16825f109907a23307628a2f0698fbf99662b73a5cf0b020293072b8"
url = "https://github.com/cli/cli/releases/download/v2.101.0/gh_2.101.0_linux_amd64.tar.gz"
url_api = "https://api.github.com/repos/cli/cli/releases/assets/565857134"
provenance = "github-attestations"

[[tools."http:bob"]]
version = "2.0.3"
backend = "http:bob"
specifiers = ["2.0.3"]

[tools."http:bob".options]
rename_exe = "bob"
strip_components = "1"

[tools."http:bob"."platforms.linux-arm64"]
checksum = "sha256:c0f65ca2ad1166e5506d42781b474637796fd5f64cdd707d4c0eba7bc800da19"
url = "https://s3.us-south.cloud-object-storage.appdomain.cloud/bob-shell/bobshell-2.0.3.tgz"

[tools."http:bob"."platforms.linux-x64"]
checksum = "sha256:c0f65ca2ad1166e5506d42781b474637796fd5f64cdd707d4c0eba7bc800da19"
url = "https://s3.us-south.cloud-object-storage.appdomain.cloud/bob-shell/bobshell-2.0.3.tgz"

[[tools."http:docker"]]
version = "29.8.1"
backend = "http:docker"
specifiers = ["29.8.1"]

[tools."http:docker"."platforms.linux-arm64"]
url = "https://download.docker.com/linux/static/stable/aarch64/docker-29.8.1.tgz"

[tools."http:docker"."platforms.linux-x64"]
url = "https://download.docker.com/linux/static/stable/x86_64/docker-29.8.1.tgz"

[[tools.jq]]
version = "1.8.2"
backend = "aqua:jqlang/jq"
specifiers = ["latest"]

[tools.jq."platforms.linux-arm64"]
checksum = "sha256:8b85c817833814ddca00a144c33705546355afccf0cf39b188f3cdb48b852309"
url = "https://github.com/jqlang/jq/releases/download/jq-1.8.2/jq-linux-arm64"
url_api = "https://api.github.com/repos/jqlang/jq/releases/assets/453012756"
provenance = "github-attestations"

[tools.jq."platforms.linux-x64"]
checksum = "sha256:b1c22172dd303f3be49e935aa56aa48a8b7a46e0bc838b4997d3bb451495870f"
url = "https://github.com/jqlang/jq/releases/download/jq-1.8.2/jq-linux-amd64"
url_api = "https://api.github.com/repos/jqlang/jq/releases/assets/453012752"
provenance = "github-attestations"

[[tools.k3s]]
version = "1.37.0+k3s1"
backend = "aqua:k3s-io/k3s"
specifiers = ["latest"]

[tools.k3s."platforms.linux-arm64"]
checksum = "sha256:9bc2c128a597bf7c10ee45df844f2838251ba53806f7673d7fea24a6cb1b6a99"
url = "https://github.com/k3s-io/k3s/releases/download/v1.37.0%2Bk3s1/k3s-arm64"
url_api = "https://api.github.com/repos/k3s-io/k3s/releases/assets/563705554"

[tools.k3s."platforms.linux-x64"]
checksum = "sha256:39eed8f53f277497dfc2542f66eab0ed68a94dfc598946dbebfb50366916c7a2"
url = "https://github.com/k3s-io/k3s/releases/download/v1.37.0%2Bk3s1/k3s"
url_api = "https://api.github.com/repos/k3s-io/k3s/releases/assets/563704602"

[[tools.kubectl]]
version = "1.37.0"
backend = "aqua:kubernetes/kubernetes/kubectl"
specifiers = ["latest"]

[tools.kubectl."platforms.linux-arm64"]
checksum = "sha256:922df28df248cc00a9e025f947704f1d1482de64ece54cfe57e61f19eaf1eef3"
url = "https://dl.k8s.io/v1.37.0/bin/linux/arm64/kubectl"

[tools.kubectl."platforms.linux-x64"]
checksum = "sha256:6129359f4e1f3848a5572ccb0b26cf28b8ca08cef38c95a765b2f64a2c961a2f"
url = "https://dl.k8s.io/v1.37.0/bin/linux/amd64/kubectl"

[[tools.node]]
version = "26.9.0"
backend = "core:node"
specifiers = ["26"]

[tools.node."platforms.linux-arm64"]
checksum = "sha256:d5077591aa38b48d90bf9b3ac10da8d2f40dce289b20294913c58c19f153eb12"
url = "https://nodejs.org/dist/v26.9.0/node-v26.9.0-linux-arm64.tar.gz"

[tools.node."platforms.linux-x64"]
checksum = "sha256:03d9104fc4f19652e74480fed11c023d75981464b7292f21a601c3f95ce7d90d"
url = "https://nodejs.org/dist/v26.9.0/node-v26.9.0-linux-x64.tar.gz"

[[tools."npm:@agentclientprotocol/claude-agent-acp"]]
version = "0.75.1"
aube = { path = ".mise/locks/npm-agentclientprotocol-claude-agent-acp/0.75.1", digest = "sha256:cf4f2df6b37ff9e2606347b9ec138aeb2c3b00273f4c0c5257094b1ef9df173c" }
backend = "npm:@agentclientprotocol/claude-agent-acp"
specifiers = ["0.75.1"]

[[tools."npm:@earendil-works/pi-coding-agent"]]
version = "0.85.1"
aube = { path = ".mise/locks/npm-earendil-works-pi-coding-agent/0.85.1", digest = "sha256:5752d661db85ebfd04ad930e6622879d7f411af548c8051fdbd03a7037fc8b48" }
backend = "npm:@earendil-works/pi-coding-agent"
specifiers = ["0.85.1"]

[[tools."npm:@openai/codex"]]
version = "0.153.4"
aube = { path = ".mise/locks/npm-openai-codex/0.153.4", digest = "sha256:dfc57655e9da491a3c9ced0d6c2ff749011b09f72a5f04880ca09ecdb60db0d6" }
backend = "npm:@openai/codex"
specifiers = ["0.153.4"]

[[tools."npm:@zed-industries/codex-acp"]]
version = "0.16.0"
aube = { path = ".mise/locks/npm-zed-industries-codex-acp/0.16.0", digest = "sha256:c7f37cd0e6525a9748d3c7d3825889653c18848ec6dc8498ca72c57b4feb12ba" }
backend = "npm:@zed-industries/codex-acp"
specifiers = ["0.16.0"]

[[tools."npm:@zhafron/pi-memory"]]
version = "1.0.2"
aube = { path = ".mise/locks/npm-zhafron-pi-memory/1.0.2", digest = "sha256:0dbbb549242b631b6fafcb2e57e7707f8d5c3405716ca3a723c3ecbc4525080a" }
backend = "npm:@zhafron/pi-memory"
specifiers = ["1.0.2"]

[[tools."npm:agent-browser"]]
version = "0.38.1"
aube = { path = ".mise/locks/npm-agent-browser/0.38.1", digest = "sha256:71da2d3eacd2d671de6b4f1621c8eb49c1288cf86a6b33f55654a8ad3d0f8321" }
backend = "npm:agent-browser"
specifiers = ["0.38.1"]

[[tools."npm:pi-acp"]]
version = "0.0.33"
aube = { path = ".mise/locks/npm-pi-acp/0.0.33", digest = "sha256:9d1c89d9047c069145fa6f940db9d2416b6dd5f3df9975044dc488bfc5daf829" }
backend = "npm:pi-acp"
specifiers = ["0.0.33"]

[[tools."npm:playwright"]]
version = "1.63.0"
aube = { path = ".mise/locks/npm-playwright/1.63.0", digest = "sha256:923502d4bfc680e227e6fcd3869f0c080d099393de9bd820854e11e964c4fe1e" }
backend = "npm:playwright"
specifiers = ["1.63.0"]

[[tools.pnpm]]
version = "12.3.4"
backend = "aqua:pnpm/pnpm"
specifiers = ["12.3.4"]

[tools.pnpm."platforms.linux-arm64"]
checksum = "sha256:95e71a2a30bbc0b77511f95cf096779068dcad6ffcbbfdf0cd4dde9de2b2b97c"
url = "https://github.com/pnpm/pnpm/releases/download/v12.3.4/pnpm-linux-arm64.tar.gz"
url_api = "https://api.github.com/repos/pnpm/pnpm/releases/assets/544431953"
provenance = "github-attestations"

[tools.pnpm."platforms.linux-x64"]
checksum = "sha256:9705e5704b4679fb503c963a18d1ac4f105e39aafafca8a2ed346facdf820cd0"
url = "https://github.com/pnpm/pnpm/releases/download/v12.3.4/pnpm-linux-x64.tar.gz"
url_api = "https://api.github.com/repos/pnpm/pnpm/releases/assets/544431952"
provenance = "github-attestations"

[[tools.python]]
version = "3.12.14"
backend = "core:python"
specifiers = ["3.12"]

[tools.python."platforms.linux-arm64"]
checksum = "sha256:577b4bec0793ad1ff0cbff9adbd0df078eddde38a4c41bf5d83ad381a85ee39d"
url = "https://github.com/astral-sh/python-build-standalone/releases/download/20260901/cpython-3.12.14+20260901-aarch64-unknown-linux-gnu-install_only_stripped.tar.gz"
provenance = "github-attestations"

[tools.python."platforms.linux-x64"]
checksum = "sha256:72748da13197c1fb161e3afeef20a6a385ff24f2165e6e2758e47008e7faba4c"
url = "https://github.com/astral-sh/python-build-standalone/releases/download/20260901/cpython-3.12.14+20260901-x86_64-unknown-linux-gnu-install_only_stripped.tar.gz"
provenance = "github-attestations"

[[tools.rg]]
version = "15.2.0"
backend = "aqua:BurntSushi/ripgrep"
specifiers = ["latest"]

[tools.rg."platforms.linux-arm64"]
checksum = "sha256:a740b91c82eaf9914cfedd353572f2791cbe0162c84101ee0951058f4dcbc90d"
url = "https://github.com/BurntSushi/ripgrep/releases/download/15.2.0/ripgrep-15.2.0-aarch64-unknown-linux-gnu.tar.gz"
url_api = "https://api.github.com/repos/BurntSushi/ripgrep/releases/assets/478119579"

[tools.rg."platforms.linux-x64"]
checksum = "sha256:33e15bcf1624b25cdd2a55813a47a2f95dbe126268203e76aa6a585d1e7b149c"
url = "https://github.com/BurntSushi/ripgrep/releases/download/15.2.0/ripgrep-15.2.0-x86_64-unknown-linux-musl.tar.gz"
url_api = "https://api.github.com/repos/BurntSushi/ripgrep/releases/assets/478120097"

[[tools.uv]]
version = "0.12.15"
backend = "aqua:astral-sh/uv"
specifiers = ["latest"]

[tools.uv."platforms.linux-arm64"]
checksum = "sha256:0e9a3499b0587d449c9ff684c0160da607826e4af1cee220bc87f378702d3e08"
url = "https://github.com/astral-sh/uv/releases/download/0.12.15/uv-aarch64-unknown-linux-gnu.tar.gz"
url_api = "https://api.github.com/repos/astral-sh/uv/releases/assets/565630758"
provenance = "github-attestations"

[tools.uv."platforms.linux-x64"]
checksum = "sha256:f97935763c04be3e692460a7aaeaaab8fc3b78fcf8b389da820b38ae7423a638"
url = "https://github.com/astral-sh/uv/releases/download/0.12.15/uv-x86_64-unknown-linux-gnu.tar.gz"
url_api = "https://api.github.com/repos/astral-sh/uv/releases/assets/565630898"
provenance = "github-attestations"
